// !$*UTF8*$!
{
	archiveVersion = 1;
	classes = {
	};
	objectVersion = 52;
	objects = {

/* Begin PBXBuildFile section */
		1CEAF05DA35B1E8023EC88F2 /* Editor.swift in Sources */ = {isa = PBXBuildFile; fileRef = 1CEAF4367B2FD7FB955829EB /* Editor.swift */; };
		1CEAF1D43A472B2B0BADE115 /* onCreate.graphql in Sources */ = {isa = PBXBuildFile; fileRef = 1CEAF84F8015B3D5BC3595E2 /* onCreate.graphql */; };
		1CEAF207EAFA0C5E00C8299D /* tagsMetadata.graphql in Resources */ = {isa = PBXBuildFile; fileRef = 1CEAFF280FA6BA75340E2F2D /* tagsMetadata.graphql */; };
		1CEAF52B124EA49599AFA8CC /* createTagCategory.graphql in Resources */ = {isa = PBXBuildFile; fileRef = 1CEAFC17B685D6C157CAD341 /* createTagCategory.graphql */; };
		1CEAF5936878A6BE9A881ADA /* removeTag.graphql in Resources */ = {isa = PBXBuildFile; fileRef = 1CEAF971EB46B3D350F6A641 /* removeTag.graphql */; };
		1CEAF59A9C7A545A85685B0B /* Detail.swift in Sources */ = {isa = PBXBuildFile; fileRef = 1CEAFECB8128305AC5220E5F /* Detail.swift */; };
		1CEAF5E21409D7EDF4EE1DAC /* DetailManager.swift in Sources */ = {isa = PBXBuildFile; fileRef = 1CEAF685BD96781921F938D2 /* DetailManager.swift */; };
		1CEAF6141ED60E33AACFFE09 /* validation.swift in Sources */ = {isa = PBXBuildFile; fileRef = 1CEAFF86024512F3896512F5 /* validation.swift */; };
		1CEAF65E00D840ED32A9F3DB /* TagsView.swift in Sources */ = {isa = PBXBuildFile; fileRef = 1CEAF35C933956908B91F88B /* TagsView.swift */; };
		1CEAF676E8A2582FAABEEC09 /* CategoryView.swift in Sources */ = {isa = PBXBuildFile; fileRef = 1CEAFF12467D51BB103C59A3 /* CategoryView.swift */; };
		1CEAF67C5A5FDE16A34B5B09 /* onDelete.graphql in Resources */ = {isa = PBXBuildFile; fileRef = 1CEAF3722C7ED29E9C2B37C5 /* onDelete.graphql */; };
		1CEAF6FFD8777AECF389113F /* get.graphql in Resources */ = {isa = PBXBuildFile; fileRef = 1CEAF7500BA22B3C5427EE83 /* get.graphql */; };
		1CEAF7E0CB58DCADD09DC35E /* Model.swift in Sources */ = {isa = PBXBuildFile; fileRef = 1CEAF7405D06CE3BC121E78E /* Model.swift */; };
		1CEAF7EE2961842EBC68F589 /* list.graphql in Resources */ = {isa = PBXBuildFile; fileRef = 1CEAFE6D04D93EA6004605A8 /* list.graphql */; };
		1CEAF8F2A452E7D596E5C821 /* createTag.graphql in Resources */ = {isa = PBXBuildFile; fileRef = 1CEAF18A00154B6C1C91CC4E /* createTag.graphql */; };
		1CEAF931206558A790B9D7B8 /* onUpdate.graphql in Resources */ = {isa = PBXBuildFile; fileRef = 1CEAF32D017DA77BBE0ED183 /* onUpdate.graphql */; };
		1CEAF9E23D0AB837C4B71E98 /* View.swift in Sources */ = {isa = PBXBuildFile; fileRef = 1CEAF29192F820827122A19C /* View.swift */; };
		1CEAFA89C75ACAD72CF96233 /* API.swift in Sources */ = {isa = PBXBuildFile; fileRef = 1CEAF68E609F7A8BE6874487 /* API.swift */; };
		1CEAFBC7C61EEFF9821FB933 /* Manager.swift in Sources */ = {isa = PBXBuildFile; fileRef = 1CEAF7BB2AB1AB7EABDCA38A /* Manager.swift */; };
		1CEAFCA506CFA9D27BB34C17 /* tags.graphql in Resources */ = {isa = PBXBuildFile; fileRef = 1CEAFDB1D0F3D98531CBC7C2 /* tags.graphql */; };
		1CEAFCE6A63081376D8D9729 /* Controller.swift in Sources */ = {isa = PBXBuildFile; fileRef = 1CEAF7DC4803E95A2B4046C6 /* Controller.swift */; };
		1CEAFFC80A3FBB7EA3BE06E1 /* tagCategories.graphql in Resources */ = {isa = PBXBuildFile; fileRef = 1CEAF93AB6DDABBB3F166B14 /* tagCategories.graphql */; };
		1CEAFFF1DF69A53C9ED43C93 /* List.swift in Sources */ = {isa = PBXBuildFile; fileRef = 1CEAF48509093FF7281BF2B9 /* List.swift */; };
		4B0B028225B26515006C32AE /* Network.swift in Sources */ = {isa = PBXBuildFile; fileRef = 4B0B028125B26515006C32AE /* Network.swift */; };
		4B4ABF9D25AE42AD002095E6 /* DetailView.swift in Sources */ = {isa = PBXBuildFile; fileRef = 4B4ABF9C25AE42AD002095E6 /* DetailView.swift */; };
		4B7D570325AD01C100790BC0 /* Table.swift in Sources */ = {isa = PBXBuildFile; fileRef = 4B7D570225AD01C100790BC0 /* Table.swift */; };
		4B804AF625ACFB1800BE1BD0 /* TeaElephantEditorApp.swift in Sources */ = {isa = PBXBuildFile; fileRef = 4B804AF525ACFB1800BE1BD0 /* TeaElephantEditorApp.swift */; };
		4B804AF825ACFB1800BE1BD0 /* ContentView.swift in Sources */ = {isa = PBXBuildFile; fileRef = 4B804AF725ACFB1800BE1BD0 /* ContentView.swift */; };
		4B804AFA25ACFB1900BE1BD0 /* Assets.xcassets in Resources */ = {isa = PBXBuildFile; fileRef = 4B804AF925ACFB1900BE1BD0 /* Assets.xcassets */; };
		4B804AFD25ACFB1900BE1BD0 /* Preview Assets.xcassets in Resources */ = {isa = PBXBuildFile; fileRef = 4B804AFC25ACFB1900BE1BD0 /* Preview Assets.xcassets */; };
		4B804B0925ACFB1900BE1BD0 /* TeaElephantEditorTests.swift in Sources */ = {isa = PBXBuildFile; fileRef = 4B804B0825ACFB1900BE1BD0 /* TeaElephantEditorTests.swift */; };
		4B804B1425ACFB1900BE1BD0 /* TeaElephantEditorUITests.swift in Sources */ = {isa = PBXBuildFile; fileRef = 4B804B1325ACFB1900BE1BD0 /* TeaElephantEditorUITests.swift */; };
		4B9E9B6E25CF4105006D8EB4 /* TagSelector.swift in Sources */ = {isa = PBXBuildFile; fileRef = 4B9E9B6D25CF4105006D8EB4 /* TagSelector.swift */; };
		4B9E9B7225CF4661006D8EB4 /* TagsSelectManager.swift in Sources */ = {isa = PBXBuildFile; fileRef = 4B9E9B7125CF4661006D8EB4 /* TagsSelectManager.swift */; };
		4B9E9B7625CF46A5006D8EB4 /* Tag.swift in Sources */ = {isa = PBXBuildFile; fileRef = 4B9E9B7525CF46A5006D8EB4 /* Tag.swift */; };
		4BDE5B0625ACFF9E005BBBC5 /* TeaInfo.swift in Sources */ = {isa = PBXBuildFile; fileRef = 4BDE5B0525ACFF9E005BBBC5 /* TeaInfo.swift */; };
/* End PBXBuildFile section */

/* Begin PBXContainerItemProxy section */
		4B804B0525ACFB1900BE1BD0 /* PBXContainerItemProxy */ = {
			isa = PBXContainerItemProxy;
			containerPortal = 4B804AEA25ACFB1800BE1BD0 /* Project object */;
			proxyType = 1;
			remoteGlobalIDString = 4B804AF125ACFB1800BE1BD0;
			remoteInfo = TeaElephantEditor;
		};
		4B804B1025ACFB1900BE1BD0 /* PBXContainerItemProxy */ = {
			isa = PBXContainerItemProxy;
			containerPortal = 4B804AEA25ACFB1800BE1BD0 /* Project object */;
			proxyType = 1;
			remoteGlobalIDString = 4B804AF125ACFB1800BE1BD0;
			remoteInfo = TeaElephantEditor;
		};
/* End PBXContainerItemProxy section */

/* Begin PBXCopyFilesBuildPhase section */
		4B0BA94825B25AE800F98920 /* Embed Frameworks */ = {
			isa = PBXCopyFilesBuildPhase;
			buildActionMask = 2147483647;
			dstPath = "";
			dstSubfolderSpec = 10;
			files = (
			);
			name = "Embed Frameworks";
			runOnlyForDeploymentPostprocessing = 0;
		};
/* End PBXCopyFilesBuildPhase section */

/* Begin PBXFileReference section */
		1CEAF18A00154B6C1C91CC4E /* createTag.graphql */ = {isa = PBXFileReference; lastKnownFileType = file.graphql; path = createTag.graphql; sourceTree = "<group>"; };
		1CEAF29192F820827122A19C /* View.swift */ = {isa = PBXFileReference; fileEncoding = 4; lastKnownFileType = sourcecode.swift; path = View.swift; sourceTree = "<group>"; };
		1CEAF32D017DA77BBE0ED183 /* onUpdate.graphql */ = {isa = PBXFileReference; lastKnownFileType = file.graphql; path = onUpdate.graphql; sourceTree = "<group>"; };
		1CEAF35C933956908B91F88B /* TagsView.swift */ = {isa = PBXFileReference; fileEncoding = 4; lastKnownFileType = sourcecode.swift; path = TagsView.swift; sourceTree = "<group>"; };
		1CEAF3722C7ED29E9C2B37C5 /* onDelete.graphql */ = {isa = PBXFileReference; lastKnownFileType = file.graphql; path = onDelete.graphql; sourceTree = "<group>"; };
		1CEAF4367B2FD7FB955829EB /* Editor.swift */ = {isa = PBXFileReference; fileEncoding = 4; lastKnownFileType = sourcecode.swift; path = Editor.swift; sourceTree = "<group>"; };
		1CEAF48509093FF7281BF2B9 /* List.swift */ = {isa = PBXFileReference; fileEncoding = 4; lastKnownFileType = sourcecode.swift; path = List.swift; sourceTree = "<group>"; };
		1CEAF685BD96781921F938D2 /* DetailManager.swift */ = {isa = PBXFileReference; fileEncoding = 4; lastKnownFileType = sourcecode.swift; path = DetailManager.swift; sourceTree = "<group>"; };
		1CEAF68E609F7A8BE6874487 /* API.swift */ = {isa = PBXFileReference; fileEncoding = 4; lastKnownFileType = sourcecode.swift; path = API.swift; sourceTree = "<group>"; };
		1CEAF6A53ECF2468B18A33BD /* addTag.graphql */ = {isa = PBXFileReference; lastKnownFileType = file.graphql; path = addTag.graphql; sourceTree = "<group>"; };
		1CEAF721A5E0C23B336FB6CA /* create.graphql */ = {isa = PBXFileReference; lastKnownFileType = file.graphql; path = create.graphql; sourceTree = "<group>"; };
		1CEAF7405D06CE3BC121E78E /* Model.swift */ = {isa = PBXFileReference; fileEncoding = 4; lastKnownFileType = sourcecode.swift; path = Model.swift; sourceTree = "<group>"; };
		1CEAF7500BA22B3C5427EE83 /* get.graphql */ = {isa = PBXFileReference; lastKnownFileType = file.graphql; path = get.graphql; sourceTree = "<group>"; };
		1CEAF790AA3CE376E8A567E6 /* .graphqlconfig */ = {isa = PBXFileReference; lastKnownFileType = file.graphqlconfig; path = .graphqlconfig; sourceTree = "<group>"; };
		1CEAF7BB2AB1AB7EABDCA38A /* Manager.swift */ = {isa = PBXFileReference; fileEncoding = 4; lastKnownFileType = sourcecode.swift; path = Manager.swift; sourceTree = "<group>"; };
		1CEAF7DC4803E95A2B4046C6 /* Controller.swift */ = {isa = PBXFileReference; fileEncoding = 4; lastKnownFileType = sourcecode.swift; path = Controller.swift; sourceTree = "<group>"; };
		1CEAF84E946AF348276E8E07 /* update.graphql */ = {isa = PBXFileReference; lastKnownFileType = file.graphql; path = update.graphql; sourceTree = "<group>"; };
		1CEAF84F8015B3D5BC3595E2 /* onCreate.graphql */ = {isa = PBXFileReference; fileEncoding = 4; lastKnownFileType = file.graphql; path = onCreate.graphql; sourceTree = "<group>"; };
		1CEAF93AB6DDABBB3F166B14 /* tagCategories.graphql */ = {isa = PBXFileReference; lastKnownFileType = file.graphql; path = tagCategories.graphql; sourceTree = "<group>"; };
		1CEAF971EB46B3D350F6A641 /* removeTag.graphql */ = {isa = PBXFileReference; lastKnownFileType = file.graphql; path = removeTag.graphql; sourceTree = "<group>"; };
		1CEAFC17B685D6C157CAD341 /* createTagCategory.graphql */ = {isa = PBXFileReference; lastKnownFileType = file.graphql; path = createTagCategory.graphql; sourceTree = "<group>"; };
		1CEAFC8AD7CE081FDD10C5ED /* delete.graphql */ = {isa = PBXFileReference; lastKnownFileType = file.graphql; path = delete.graphql; sourceTree = "<group>"; };
		1CEAFDB1D0F3D98531CBC7C2 /* tags.graphql */ = {isa = PBXFileReference; lastKnownFileType = file.graphql; path = tags.graphql; sourceTree = "<group>"; };
		1CEAFE6D04D93EA6004605A8 /* list.graphql */ = {isa = PBXFileReference; lastKnownFileType = file.graphql; path = list.graphql; sourceTree = "<group>"; };
		1CEAFECB8128305AC5220E5F /* Detail.swift */ = {isa = PBXFileReference; fileEncoding = 4; lastKnownFileType = sourcecode.swift; path = Detail.swift; sourceTree = "<group>"; };
		1CEAFF12467D51BB103C59A3 /* CategoryView.swift */ = {isa = PBXFileReference; fileEncoding = 4; lastKnownFileType = sourcecode.swift; path = CategoryView.swift; sourceTree = "<group>"; };
		1CEAFF280FA6BA75340E2F2D /* tagsMetadata.graphql */ = {isa = PBXFileReference; lastKnownFileType = file.graphql; path = tagsMetadata.graphql; sourceTree = "<group>"; };
		1CEAFF86024512F3896512F5 /* validation.swift */ = {isa = PBXFileReference; fileEncoding = 4; lastKnownFileType = sourcecode.swift; path = validation.swift; sourceTree = "<group>"; };
		4B0B028125B26515006C32AE /* Network.swift */ = {isa = PBXFileReference; lastKnownFileType = sourcecode.swift; path = Network.swift; sourceTree = "<group>"; };
		4B0BA94B25B25B8500F98920 /* schema.json */ = {isa = PBXFileReference; fileEncoding = 4; lastKnownFileType = text.json; path = schema.json; sourceTree = "<group>"; };
		4B4ABF9C25AE42AD002095E6 /* DetailView.swift */ = {isa = PBXFileReference; lastKnownFileType = sourcecode.swift; path = DetailView.swift; sourceTree = "<group>"; };
		4B7D570225AD01C100790BC0 /* Table.swift */ = {isa = PBXFileReference; lastKnownFileType = sourcecode.swift; path = Table.swift; sourceTree = "<group>"; };
		4B804AF225ACFB1800BE1BD0 /* TeaElephantEditor.app */ = {isa = PBXFileReference; explicitFileType = wrapper.application; includeInIndex = 0; path = TeaElephantEditor.app; sourceTree = BUILT_PRODUCTS_DIR; };
		4B804AF525ACFB1800BE1BD0 /* TeaElephantEditorApp.swift */ = {isa = PBXFileReference; lastKnownFileType = sourcecode.swift; path = TeaElephantEditorApp.swift; sourceTree = "<group>"; };
		4B804AF725ACFB1800BE1BD0 /* ContentView.swift */ = {isa = PBXFileReference; lastKnownFileType = sourcecode.swift; path = ContentView.swift; sourceTree = "<group>"; };
		4B804AF925ACFB1900BE1BD0 /* Assets.xcassets */ = {isa = PBXFileReference; lastKnownFileType = folder.assetcatalog; path = Assets.xcassets; sourceTree = "<group>"; };
		4B804AFC25ACFB1900BE1BD0 /* Preview Assets.xcassets */ = {isa = PBXFileReference; lastKnownFileType = folder.assetcatalog; path = "Preview Assets.xcassets"; sourceTree = "<group>"; };
		4B804AFE25ACFB1900BE1BD0 /* Info.plist */ = {isa = PBXFileReference; lastKnownFileType = text.plist.xml; path = Info.plist; sourceTree = "<group>"; };
		4B804AFF25ACFB1900BE1BD0 /* TeaElephantEditor.entitlements */ = {isa = PBXFileReference; lastKnownFileType = text.plist.entitlements; path = TeaElephantEditor.entitlements; sourceTree = "<group>"; };
		4B804B0425ACFB1900BE1BD0 /* TeaElephantEditorTests.xctest */ = {isa = PBXFileReference; explicitFileType = wrapper.cfbundle; includeInIndex = 0; path = TeaElephantEditorTests.xctest; sourceTree = BUILT_PRODUCTS_DIR; };
		4B804B0825ACFB1900BE1BD0 /* TeaElephantEditorTests.swift */ = {isa = PBXFileReference; lastKnownFileType = sourcecode.swift; path = TeaElephantEditorTests.swift; sourceTree = "<group>"; };
		4B804B0A25ACFB1900BE1BD0 /* Info.plist */ = {isa = PBXFileReference; lastKnownFileType = text.plist.xml; path = Info.plist; sourceTree = "<group>"; };
		4B804B0F25ACFB1900BE1BD0 /* TeaElephantEditorUITests.xctest */ = {isa = PBXFileReference; explicitFileType = wrapper.cfbundle; includeInIndex = 0; path = TeaElephantEditorUITests.xctest; sourceTree = BUILT_PRODUCTS_DIR; };
		4B804B1325ACFB1900BE1BD0 /* TeaElephantEditorUITests.swift */ = {isa = PBXFileReference; lastKnownFileType = sourcecode.swift; path = TeaElephantEditorUITests.swift; sourceTree = "<group>"; };
		4B804B1525ACFB1900BE1BD0 /* Info.plist */ = {isa = PBXFileReference; lastKnownFileType = text.plist.xml; path = Info.plist; sourceTree = "<group>"; };
		4B9E9B6D25CF4105006D8EB4 /* TagSelector.swift */ = {isa = PBXFileReference; lastKnownFileType = sourcecode.swift; path = TagSelector.swift; sourceTree = "<group>"; };
		4B9E9B7125CF4661006D8EB4 /* TagsSelectManager.swift */ = {isa = PBXFileReference; lastKnownFileType = sourcecode.swift; path = TagsSelectManager.swift; sourceTree = "<group>"; };
		4B9E9B7525CF46A5006D8EB4 /* Tag.swift */ = {isa = PBXFileReference; lastKnownFileType = sourcecode.swift; path = Tag.swift; sourceTree = "<group>"; };
		4BDE5B0525ACFF9E005BBBC5 /* TeaInfo.swift */ = {isa = PBXFileReference; lastKnownFileType = sourcecode.swift; path = TeaInfo.swift; sourceTree = "<group>"; };
/* End PBXFileReference section */

/* Begin PBXFrameworksBuildPhase section */
		4B804AEF25ACFB1800BE1BD0 /* Frameworks */ = {
			isa = PBXFrameworksBuildPhase;
			buildActionMask = 2147483647;
			files = (
			);
			runOnlyForDeploymentPostprocessing = 0;
		};
		4B804B0125ACFB1900BE1BD0 /* Frameworks */ = {
			isa = PBXFrameworksBuildPhase;
			buildActionMask = 2147483647;
			files = (
			);
			runOnlyForDeploymentPostprocessing = 0;
		};
		4B804B0C25ACFB1900BE1BD0 /* Frameworks */ = {
			isa = PBXFrameworksBuildPhase;
			buildActionMask = 2147483647;
			files = (
			);
			runOnlyForDeploymentPostprocessing = 0;
		};
/* End PBXFrameworksBuildPhase section */

/* Begin PBXGroup section */
		1CEAF1143C40331337DA312E /* Managers */ = {
			isa = PBXGroup;
			children = (
				1CEAF48509093FF7281BF2B9 /* List.swift */,
				4B9E9B7125CF4661006D8EB4 /* TagsSelectManager.swift */,
				1CEAF685BD96781921F938D2 /* DetailManager.swift */,
			);
			path = Managers;
			sourceTree = "<group>";
		};
		1CEAF1BFFD45E78A888D5687 /* subscriptions */ = {
			isa = PBXGroup;
			children = (
				1CEAF84F8015B3D5BC3595E2 /* onCreate.graphql */,
				1CEAF32D017DA77BBE0ED183 /* onUpdate.graphql */,
				1CEAF3722C7ED29E9C2B37C5 /* onDelete.graphql */,
			);
			path = subscriptions;
			sourceTree = "<group>";
		};
		1CEAF32F34C72A7405008450 /* queries */ = {
			isa = PBXGroup;
			children = (
				1CEAFE6D04D93EA6004605A8 /* list.graphql */,
				1CEAF7500BA22B3C5427EE83 /* get.graphql */,
				1CEAFF280FA6BA75340E2F2D /* tagsMetadata.graphql */,
				1CEAF93AB6DDABBB3F166B14 /* tagCategories.graphql */,
				1CEAFDB1D0F3D98531CBC7C2 /* tags.graphql */,
			);
			path = queries;
			sourceTree = "<group>";
		};
		1CEAF3DF0ED94223F4355FAF /* mutations */ = {
			isa = PBXGroup;
			children = (
				1CEAF721A5E0C23B336FB6CA /* create.graphql */,
				1CEAF84E946AF348276E8E07 /* update.graphql */,
				1CEAFC8AD7CE081FDD10C5ED /* delete.graphql */,
				1CEAF6A53ECF2468B18A33BD /* addTag.graphql */,
				1CEAF971EB46B3D350F6A641 /* removeTag.graphql */,
				1CEAFC17B685D6C157CAD341 /* createTagCategory.graphql */,
				1CEAF18A00154B6C1C91CC4E /* createTag.graphql */,
			);
			path = mutations;
			sourceTree = "<group>";
		};
		1CEAF5AE0DD32CAD06FB4D53 /* TagsEditor */ = {
			isa = PBXGroup;
			children = (
				1CEAF4367B2FD7FB955829EB /* Editor.swift */,
				1CEAF7DC4803E95A2B4046C6 /* Controller.swift */,
				1CEAF7BB2AB1AB7EABDCA38A /* Manager.swift */,
				1CEAF29192F820827122A19C /* View.swift */,
				1CEAFF12467D51BB103C59A3 /* CategoryView.swift */,
				1CEAF7405D06CE3BC121E78E /* Model.swift */,
			);
			path = TagsEditor;
			sourceTree = "<group>";
		};
		1CEAFA6A593ED4DC201BED35 /* api */ = {
			isa = PBXGroup;
			children = (
				4B0BA94B25B25B8500F98920 /* schema.json */,
				1CEAF68E609F7A8BE6874487 /* API.swift */,
				1CEAF32F34C72A7405008450 /* queries */,
				1CEAF3DF0ED94223F4355FAF /* mutations */,
				1CEAF790AA3CE376E8A567E6 /* .graphqlconfig */,
				1CEAF1BFFD45E78A888D5687 /* subscriptions */,
			);
			path = api;
			sourceTree = "<group>";
		};
		1CEAFD1A1716974F75F087FF /* Helpers */ = {
			isa = PBXGroup;
			children = (
				1CEAFF86024512F3896512F5 /* validation.swift */,
			);
			path = Helpers;
			sourceTree = "<group>";
		};
		1CEAFFCAE4A08E4B57B50AEE /* Controllers */ = {
			isa = PBXGroup;
			children = (
				1CEAFECB8128305AC5220E5F /* Detail.swift */,
			);
			path = Controllers;
			sourceTree = "<group>";
		};
		4B7D570125AD01AC00790BC0 /* Views */ = {
			isa = PBXGroup;
			children = (
				4B7D570225AD01C100790BC0 /* Table.swift */,
				4B4ABF9C25AE42AD002095E6 /* DetailView.swift */,
				4B9E9B6D25CF4105006D8EB4 /* TagSelector.swift */,
				1CEAF35C933956908B91F88B /* TagsView.swift */,
			);
			path = Views;
			sourceTree = "<group>";
		};
		4B804AE925ACFB1800BE1BD0 = {
			isa = PBXGroup;
			children = (
				4B804AF425ACFB1800BE1BD0 /* TeaElephantEditor */,
				4B804B0725ACFB1900BE1BD0 /* TeaElephantEditorTests */,
				4B804B1225ACFB1900BE1BD0 /* TeaElephantEditorUITests */,
				4B804AF325ACFB1800BE1BD0 /* Products */,
			);
			sourceTree = "<group>";
		};
		4B804AF325ACFB1800BE1BD0 /* Products */ = {
			isa = PBXGroup;
			children = (
				4B804AF225ACFB1800BE1BD0 /* TeaElephantEditor.app */,
				4B804B0425ACFB1900BE1BD0 /* TeaElephantEditorTests.xctest */,
				4B804B0F25ACFB1900BE1BD0 /* TeaElephantEditorUITests.xctest */,
			);
			name = Products;
			sourceTree = "<group>";
		};
		4B804AF425ACFB1800BE1BD0 /* TeaElephantEditor */ = {
			isa = PBXGroup;
			children = (
				4B7D570125AD01AC00790BC0 /* Views */,
				4BDE5B0425ACFF61005BBBC5 /* Models */,
				4B804AF525ACFB1800BE1BD0 /* TeaElephantEditorApp.swift */,
				4B804AF725ACFB1800BE1BD0 /* ContentView.swift */,
				4B804AF925ACFB1900BE1BD0 /* Assets.xcassets */,
				4B804AFE25ACFB1900BE1BD0 /* Info.plist */,
				4B804AFF25ACFB1900BE1BD0 /* TeaElephantEditor.entitlements */,
				4B804AFB25ACFB1900BE1BD0 /* Preview Content */,
				1CEAF1143C40331337DA312E /* Managers */,
				4B0B028125B26515006C32AE /* Network.swift */,
				1CEAFA6A593ED4DC201BED35 /* api */,
				1CEAFFCAE4A08E4B57B50AEE /* Controllers */,
				1CEAF5AE0DD32CAD06FB4D53 /* TagsEditor */,
				1CEAFD1A1716974F75F087FF /* Helpers */,
			);
			path = TeaElephantEditor;
			sourceTree = "<group>";
		};
		4B804AFB25ACFB1900BE1BD0 /* Preview Content */ = {
			isa = PBXGroup;
			children = (
				4B804AFC25ACFB1900BE1BD0 /* Preview Assets.xcassets */,
			);
			path = "Preview Content";
			sourceTree = "<group>";
		};
		4B804B0725ACFB1900BE1BD0 /* TeaElephantEditorTests */ = {
			isa = PBXGroup;
			children = (
				4B804B0825ACFB1900BE1BD0 /* TeaElephantEditorTests.swift */,
				4B804B0A25ACFB1900BE1BD0 /* Info.plist */,
			);
			path = TeaElephantEditorTests;
			sourceTree = "<group>";
		};
		4B804B1225ACFB1900BE1BD0 /* TeaElephantEditorUITests */ = {
			isa = PBXGroup;
			children = (
				4B804B1325ACFB1900BE1BD0 /* TeaElephantEditorUITests.swift */,
				4B804B1525ACFB1900BE1BD0 /* Info.plist */,
			);
			path = TeaElephantEditorUITests;
			sourceTree = "<group>";
		};
		4BDE5B0425ACFF61005BBBC5 /* Models */ = {
			isa = PBXGroup;
			children = (
				4BDE5B0525ACFF9E005BBBC5 /* TeaInfo.swift */,
				4B9E9B7525CF46A5006D8EB4 /* Tag.swift */,
			);
			path = Models;
			sourceTree = "<group>";
		};
/* End PBXGroup section */

/* Begin PBXNativeTarget section */
		4B804AF125ACFB1800BE1BD0 /* TeaElephantEditor */ = {
			isa = PBXNativeTarget;
			buildConfigurationList = 4B804B1825ACFB1900BE1BD0 /* Build configuration list for PBXNativeTarget "TeaElephantEditor" */;
			buildPhases = (
				4B0BA95825B25EDA00F98920 /* Generate Apollo GraphQL API */,
				4B804AEE25ACFB1800BE1BD0 /* Sources */,
				4B804AEF25ACFB1800BE1BD0 /* Frameworks */,
				4B804AF025ACFB1800BE1BD0 /* Resources */,
				4B0BA94825B25AE800F98920 /* Embed Frameworks */,
			);
			buildRules = (
			);
			dependencies = (
			);
			name = TeaElephantEditor;
			packageProductDependencies = (
				4B0BA93D25B25AE800F98920,
				4B0BA93F25B25AE800F98920,
				4B0BA94125B25AE800F98920,
				4B0BA94625B25AE800F98920,
				4B39B2B6262CB12E0061788B,
			);
			productName = TeaElephantEditor;
			productReference = 4B804AF225ACFB1800BE1BD0 /* TeaElephantEditor.app */;
			productType = "com.apple.product-type.application";
		};
		4B804B0325ACFB1900BE1BD0 /* TeaElephantEditorTests */ = {
			isa = PBXNativeTarget;
			buildConfigurationList = 4B804B1B25ACFB1900BE1BD0 /* Build configuration list for PBXNativeTarget "TeaElephantEditorTests" */;
			buildPhases = (
				4B804B0025ACFB1900BE1BD0 /* Sources */,
				4B804B0125ACFB1900BE1BD0 /* Frameworks */,
				4B804B0225ACFB1900BE1BD0 /* Resources */,
			);
			buildRules = (
			);
			dependencies = (
				4B804B0625ACFB1900BE1BD0 /* PBXTargetDependency */,
			);
			name = TeaElephantEditorTests;
			productName = TeaElephantEditorTests;
			productReference = 4B804B0425ACFB1900BE1BD0 /* TeaElephantEditorTests.xctest */;
			productType = "com.apple.product-type.bundle.unit-test";
		};
		4B804B0E25ACFB1900BE1BD0 /* TeaElephantEditorUITests */ = {
			isa = PBXNativeTarget;
			buildConfigurationList = 4B804B1E25ACFB1900BE1BD0 /* Build configuration list for PBXNativeTarget "TeaElephantEditorUITests" */;
			buildPhases = (
				4B804B0B25ACFB1900BE1BD0 /* Sources */,
				4B804B0C25ACFB1900BE1BD0 /* Frameworks */,
				4B804B0D25ACFB1900BE1BD0 /* Resources */,
			);
			buildRules = (
			);
			dependencies = (
				4B804B1125ACFB1900BE1BD0 /* PBXTargetDependency */,
			);
			name = TeaElephantEditorUITests;
			productName = TeaElephantEditorUITests;
			productReference = 4B804B0F25ACFB1900BE1BD0 /* TeaElephantEditorUITests.xctest */;
			productType = "com.apple.product-type.bundle.ui-testing";
		};
/* End PBXNativeTarget section */

/* Begin PBXProject section */
		4B804AEA25ACFB1800BE1BD0 /* Project object */ = {
			isa = PBXProject;
			attributes = {
				LastSwiftUpdateCheck = 1230;
				LastUpgradeCheck = 1230;
				TargetAttributes = {
					4B804AF125ACFB1800BE1BD0 = {
						CreatedOnToolsVersion = 12.3;
					};
					4B804B0325ACFB1900BE1BD0 = {
						CreatedOnToolsVersion = 12.3;
						TestTargetID = 4B804AF125ACFB1800BE1BD0;
					};
					4B804B0E25ACFB1900BE1BD0 = {
						CreatedOnToolsVersion = 12.3;
						TestTargetID = 4B804AF125ACFB1800BE1BD0;
					};
				};
			};
			buildConfigurationList = 4B804AED25ACFB1800BE1BD0 /* Build configuration list for PBXProject "TeaElephantEditor" */;
			compatibilityVersion = "Xcode 9.3";
			developmentRegion = en;
			hasScannedForEncodings = 0;
			knownRegions = (
				en,
				Base,
			);
			mainGroup = 4B804AE925ACFB1800BE1BD0;
			packageReferences = (
				4B0BA93C25B25AE800F98920,
				4B39B2B5262CB12E0061788B,
			);
			productRefGroup = 4B804AF325ACFB1800BE1BD0 /* Products */;
			projectDirPath = "";
			projectRoot = "";
			targets = (
				4B804AF125ACFB1800BE1BD0 /* TeaElephantEditor */,
				4B804B0325ACFB1900BE1BD0 /* TeaElephantEditorTests */,
				4B804B0E25ACFB1900BE1BD0 /* TeaElephantEditorUITests */,
			);
		};
/* End PBXProject section */

/* Begin PBXResourcesBuildPhase section */
		4B804AF025ACFB1800BE1BD0 /* Resources */ = {
			isa = PBXResourcesBuildPhase;
			buildActionMask = 2147483647;
			files = (
				4B804AFD25ACFB1900BE1BD0 /* Preview Assets.xcassets in Resources */,
				4B804AFA25ACFB1900BE1BD0 /* Assets.xcassets in Resources */,
				1CEAF7EE2961842EBC68F589 /* list.graphql in Resources */,
				1CEAF6FFD8777AECF389113F /* get.graphql in Resources */,
				1CEAF931206558A790B9D7B8 /* onUpdate.graphql in Resources */,
				1CEAF67C5A5FDE16A34B5B09 /* onDelete.graphql in Resources */,
				1CEAF207EAFA0C5E00C8299D /* tagsMetadata.graphql in Resources */,
				1CEAF5936878A6BE9A881ADA /* removeTag.graphql in Resources */,
				1CEAF52B124EA49599AFA8CC /* createTagCategory.graphql in Resources */,
				1CEAFFC80A3FBB7EA3BE06E1 /* tagCategories.graphql in Resources */,
				1CEAFCA506CFA9D27BB34C17 /* tags.graphql in Resources */,
				1CEAF8F2A452E7D596E5C821 /* createTag.graphql in Resources */,
			);
			runOnlyForDeploymentPostprocessing = 0;
		};
		4B804B0225ACFB1900BE1BD0 /* Resources */ = {
			isa = PBXResourcesBuildPhase;
			buildActionMask = 2147483647;
			files = (
			);
			runOnlyForDeploymentPostprocessing = 0;
		};
		4B804B0D25ACFB1900BE1BD0 /* Resources */ = {
			isa = PBXResourcesBuildPhase;
			buildActionMask = 2147483647;
			files = (
			);
			runOnlyForDeploymentPostprocessing = 0;
		};
/* End PBXResourcesBuildPhase section */

/* Begin PBXShellScriptBuildPhase section */
		4B0BA95825B25EDA00F98920 /* Generate Apollo GraphQL API */ = {
			isa = PBXShellScriptBuildPhase;
			buildActionMask = 2147483647;
			files = (
			);
			inputFileListPaths = (
			);
			inputPaths = (
			);
			name = "Generate Apollo GraphQL API";
			outputFileListPaths = (
			);
			outputPaths = (
			);
			runOnlyForDeploymentPostprocessing = 0;
			shellPath = /bin/sh;
			shellScript = "# Go to the build root and search up the chain to find the Derived Data Path where the source packages are checked out.\nDERIVED_DATA_CANDIDATE=\"${BUILD_ROOT}\"\n\nwhile ! [ -d \"${DERIVED_DATA_CANDIDATE}/SourcePackages\" ]; do\n  if [ \"${DERIVED_DATA_CANDIDATE}\" = / ]; then\n    echo >&2 \"error: Unable to locate SourcePackages directory from BUILD_ROOT: '${BUILD_ROOT}'\"\n    exit 1\n  fi\n\n  DERIVED_DATA_CANDIDATE=\"$(dirname \"${DERIVED_DATA_CANDIDATE}\")\"\ndone\n\n# Grab a reference to the directory where scripts are checked out\nSCRIPT_PATH=\"${DERIVED_DATA_CANDIDATE}/SourcePackages/checkouts/apollo-ios/scripts\"\n\nif [ -z \"${SCRIPT_PATH}\" ]; then\n    echo >&2 \"error: Couldn't find the CLI script in your checked out SPM packages; make sure to add the framework to your project.\"\n    exit 1\nfi\n\ncd \"${SRCROOT}/${TARGET_NAME}\"\n\"${SCRIPT_PATH}\"/run-bundled-codegen.sh codegen:generate --target=swift --includes=./api/**/*.graphql --localSchemaFile=\"./api/schema.json\" ./api/API.swift\n\n";
		};
/* End PBXShellScriptBuildPhase section */

/* Begin PBXSourcesBuildPhase section */
		4B804AEE25ACFB1800BE1BD0 /* Sources */ = {
			isa = PBXSourcesBuildPhase;
			buildActionMask = 2147483647;
			files = (
				4BDE5B0625ACFF9E005BBBC5 /* TeaInfo.swift in Sources */,
				4B9E9B7225CF4661006D8EB4 /* TagsSelectManager.swift in Sources */,
				4B4ABF9D25AE42AD002095E6 /* DetailView.swift in Sources */,
				4B804AF825ACFB1800BE1BD0 /* ContentView.swift in Sources */,
				4B7D570325AD01C100790BC0 /* Table.swift in Sources */,
				4B9E9B6E25CF4105006D8EB4 /* TagSelector.swift in Sources */,
				4B804AF625ACFB1800BE1BD0 /* TeaElephantEditorApp.swift in Sources */,
				4B0B028225B26515006C32AE /* Network.swift in Sources */,
				1CEAFFF1DF69A53C9ED43C93 /* List.swift in Sources */,
				4B9E9B7625CF46A5006D8EB4 /* Tag.swift in Sources */,
				1CEAFA89C75ACAD72CF96233 /* API.swift in Sources */,
				1CEAF1D43A472B2B0BADE115 /* onCreate.graphql in Sources */,
				1CEAF59A9C7A545A85685B0B /* Detail.swift in Sources */,
				1CEAF5E21409D7EDF4EE1DAC /* DetailManager.swift in Sources */,
				1CEAF65E00D840ED32A9F3DB /* TagsView.swift in Sources */,
				1CEAF05DA35B1E8023EC88F2 /* Editor.swift in Sources */,
				1CEAFCE6A63081376D8D9729 /* Controller.swift in Sources */,
				1CEAFBC7C61EEFF9821FB933 /* Manager.swift in Sources */,
				1CEAF9E23D0AB837C4B71E98 /* View.swift in Sources */,
				1CEAF676E8A2582FAABEEC09 /* CategoryView.swift in Sources */,
				1CEAF6141ED60E33AACFFE09 /* validation.swift in Sources */,
				1CEAF7E0CB58DCADD09DC35E /* Model.swift in Sources */,
			);
			runOnlyForDeploymentPostprocessing = 0;
		};
		4B804B0025ACFB1900BE1BD0 /* Sources */ = {
			isa = PBXSourcesBuildPhase;
			buildActionMask = 2147483647;
			files = (
				4B804B0925ACFB1900BE1BD0 /* TeaElephantEditorTests.swift in Sources */,
			);
			runOnlyForDeploymentPostprocessing = 0;
		};
		4B804B0B25ACFB1900BE1BD0 /* Sources */ = {
			isa = PBXSourcesBuildPhase;
			buildActionMask = 2147483647;
			files = (
				4B804B1425ACFB1900BE1BD0 /* TeaElephantEditorUITests.swift in Sources */,
			);
			runOnlyForDeploymentPostprocessing = 0;
		};
/* End PBXSourcesBuildPhase section */

/* Begin PBXTargetDependency section */
		4B804B0625ACFB1900BE1BD0 /* PBXTargetDependency */ = {
			isa = PBXTargetDependency;
			target = 4B804AF125ACFB1800BE1BD0 /* TeaElephantEditor */;
			targetProxy = 4B804B0525ACFB1900BE1BD0 /* PBXContainerItemProxy */;
		};
		4B804B1125ACFB1900BE1BD0 /* PBXTargetDependency */ = {
			isa = PBXTargetDependency;
			target = 4B804AF125ACFB1800BE1BD0 /* TeaElephantEditor */;
			targetProxy = 4B804B1025ACFB1900BE1BD0 /* PBXContainerItemProxy */;
		};
/* End PBXTargetDependency section */

/* Begin XCBuildConfiguration section */
		4B804B1625ACFB1900BE1BD0 /* Debug */ = {
			isa = XCBuildConfiguration;
			buildSettings = {
				ALWAYS_SEARCH_USER_PATHS = NO;
				CLANG_ANALYZER_NONNULL = YES;
				CLANG_ANALYZER_NUMBER_OBJECT_CONVERSION = YES_AGGRESSIVE;
				CLANG_CXX_LANGUAGE_STANDARD = "gnu++14";
				CLANG_CXX_LIBRARY = "libc++";
				CLANG_ENABLE_MODULES = YES;
				CLANG_ENABLE_OBJC_ARC = YES;
				CLANG_ENABLE_OBJC_WEAK = YES;
				CLANG_WARN_BLOCK_CAPTURE_AUTORELEASING = YES;
				CLANG_WARN_BOOL_CONVERSION = YES;
				CLANG_WARN_COMMA = YES;
				CLANG_WARN_CONSTANT_CONVERSION = YES;
				CLANG_WARN_DEPRECATED_OBJC_IMPLEMENTATIONS = YES;
				CLANG_WARN_DIRECT_OBJC_ISA_USAGE = YES_ERROR;
				CLANG_WARN_DOCUMENTATION_COMMENTS = YES;
				CLANG_WARN_EMPTY_BODY = YES;
				CLANG_WARN_ENUM_CONVERSION = YES;
				CLANG_WARN_INFINITE_RECURSION = YES;
				CLANG_WARN_INT_CONVERSION = YES;
				CLANG_WARN_NON_LITERAL_NULL_CONVERSION = YES;
				CLANG_WARN_OBJC_IMPLICIT_RETAIN_SELF = YES;
				CLANG_WARN_OBJC_LITERAL_CONVERSION = YES;
				CLANG_WARN_OBJC_ROOT_CLASS = YES_ERROR;
				CLANG_WARN_QUOTED_INCLUDE_IN_FRAMEWORK_HEADER = YES;
				CLANG_WARN_RANGE_LOOP_ANALYSIS = YES;
				CLANG_WARN_STRICT_PROTOTYPES = YES;
				CLANG_WARN_SUSPICIOUS_MOVE = YES;
				CLANG_WARN_UNGUARDED_AVAILABILITY = YES_AGGRESSIVE;
				CLANG_WARN_UNREACHABLE_CODE = YES;
				CLANG_WARN__DUPLICATE_METHOD_MATCH = YES;
				COPY_PHASE_STRIP = NO;
				DEBUG_INFORMATION_FORMAT = dwarf;
				ENABLE_STRICT_OBJC_MSGSEND = YES;
				ENABLE_TESTABILITY = YES;
				GCC_C_LANGUAGE_STANDARD = gnu11;
				GCC_DYNAMIC_NO_PIC = NO;
				GCC_NO_COMMON_BLOCKS = YES;
				GCC_OPTIMIZATION_LEVEL = 0;
				GCC_PREPROCESSOR_DEFINITIONS = (
					"DEBUG=1",
					"$(inherited)",
				);
				GCC_WARN_64_TO_32_BIT_CONVERSION = YES;
				GCC_WARN_ABOUT_RETURN_TYPE = YES_ERROR;
				GCC_WARN_UNDECLARED_SELECTOR = YES;
				GCC_WARN_UNINITIALIZED_AUTOS = YES_AGGRESSIVE;
				GCC_WARN_UNUSED_FUNCTION = YES;
				GCC_WARN_UNUSED_VARIABLE = YES;
				MACOSX_DEPLOYMENT_TARGET = 11.1;
				MTL_ENABLE_DEBUG_INFO = INCLUDE_SOURCE;
				MTL_FAST_MATH = YES;
				ONLY_ACTIVE_ARCH = YES;
				SDKROOT = macosx;
				SWIFT_ACTIVE_COMPILATION_CONDITIONS = DEBUG;
				SWIFT_OPTIMIZATION_LEVEL = "-Onone";
			};
			name = Debug;
		};
		4B804B1725ACFB1900BE1BD0 /* Release */ = {
			isa = XCBuildConfiguration;
			buildSettings = {
				ALWAYS_SEARCH_USER_PATHS = NO;
				CLANG_ANALYZER_NONNULL = YES;
				CLANG_ANALYZER_NUMBER_OBJECT_CONVERSION = YES_AGGRESSIVE;
				CLANG_CXX_LANGUAGE_STANDARD = "gnu++14";
				CLANG_CXX_LIBRARY = "libc++";
				CLANG_ENABLE_MODULES = YES;
				CLANG_ENABLE_OBJC_ARC = YES;
				CLANG_ENABLE_OBJC_WEAK = YES;
				CLANG_WARN_BLOCK_CAPTURE_AUTORELEASING = YES;
				CLANG_WARN_BOOL_CONVERSION = YES;
				CLANG_WARN_COMMA = YES;
				CLANG_WARN_CONSTANT_CONVERSION = YES;
				CLANG_WARN_DEPRECATED_OBJC_IMPLEMENTATIONS = YES;
				CLANG_WARN_DIRECT_OBJC_ISA_USAGE = YES_ERROR;
				CLANG_WARN_DOCUMENTATION_COMMENTS = YES;
				CLANG_WARN_EMPTY_BODY = YES;
				CLANG_WARN_ENUM_CONVERSION = YES;
				CLANG_WARN_INFINITE_RECURSION = YES;
				CLANG_WARN_INT_CONVERSION = YES;
				CLANG_WARN_NON_LITERAL_NULL_CONVERSION = YES;
				CLANG_WARN_OBJC_IMPLICIT_RETAIN_SELF = YES;
				CLANG_WARN_OBJC_LITERAL_CONVERSION = YES;
				CLANG_WARN_OBJC_ROOT_CLASS = YES_ERROR;
				CLANG_WARN_QUOTED_INCLUDE_IN_FRAMEWORK_HEADER = YES;
				CLANG_WARN_RANGE_LOOP_ANALYSIS = YES;
				CLANG_WARN_STRICT_PROTOTYPES = YES;
				CLANG_WARN_SUSPICIOUS_MOVE = YES;
				CLANG_WARN_UNGUARDED_AVAILABILITY = YES_AGGRESSIVE;
				CLANG_WARN_UNREACHABLE_CODE = YES;
				CLANG_WARN__DUPLICATE_METHOD_MATCH = YES;
				COPY_PHASE_STRIP = NO;
				DEBUG_INFORMATION_FORMAT = "dwarf-with-dsym";
				ENABLE_NS_ASSERTIONS = NO;
				ENABLE_STRICT_OBJC_MSGSEND = YES;
				GCC_C_LANGUAGE_STANDARD = gnu11;
				GCC_NO_COMMON_BLOCKS = YES;
				GCC_WARN_64_TO_32_BIT_CONVERSION = YES;
				GCC_WARN_ABOUT_RETURN_TYPE = YES_ERROR;
				GCC_WARN_UNDECLARED_SELECTOR = YES;
				GCC_WARN_UNINITIALIZED_AUTOS = YES_AGGRESSIVE;
				GCC_WARN_UNUSED_FUNCTION = YES;
				GCC_WARN_UNUSED_VARIABLE = YES;
				MACOSX_DEPLOYMENT_TARGET = 11.1;
				MTL_ENABLE_DEBUG_INFO = NO;
				MTL_FAST_MATH = YES;
				SDKROOT = macosx;
				SWIFT_COMPILATION_MODE = wholemodule;
				SWIFT_OPTIMIZATION_LEVEL = "-O";
			};
			name = Release;
		};
		4B804B1925ACFB1900BE1BD0 /* Debug */ = {
			isa = XCBuildConfiguration;
			buildSettings = {
				ASSETCATALOG_COMPILER_APPICON_NAME = AppIcon;
				ASSETCATALOG_COMPILER_GLOBAL_ACCENT_COLOR_NAME = AccentColor;
				CODE_SIGN_ENTITLEMENTS = TeaElephantEditor/TeaElephantEditor.entitlements;
				CODE_SIGN_IDENTITY = "Apple Development";
				CODE_SIGN_STYLE = Automatic;
				COMBINE_HIDPI_IMAGES = YES;
				DEVELOPMENT_ASSET_PATHS = "\"TeaElephantEditor/Preview Content\"";
				DEVELOPMENT_TEAM = R859U8DTY9;
				ENABLE_HARDENED_RUNTIME = YES;
				ENABLE_PREVIEWS = YES;
				INFOPLIST_FILE = TeaElephantEditor/Info.plist;
				LD_RUNPATH_SEARCH_PATHS = (
					"$(inherited)",
					"@executable_path/../Frameworks",
				);
				MACOSX_DEPLOYMENT_TARGET = 11.0;
				OTHER_LDFLAGS = "\"-Xlinker -interposable\"";
				PRODUCT_BUNDLE_IDENTIFIER = xax.TeaElephantEditor;
				PRODUCT_NAME = "$(TARGET_NAME)";
				SWIFT_VERSION = 5.0;
			};
			name = Debug;
		};
		4B804B1A25ACFB1900BE1BD0 /* Release */ = {
			isa = XCBuildConfiguration;
			buildSettings = {
				ASSETCATALOG_COMPILER_APPICON_NAME = AppIcon;
				ASSETCATALOG_COMPILER_GLOBAL_ACCENT_COLOR_NAME = AccentColor;
				CODE_SIGN_ENTITLEMENTS = TeaElephantEditor/TeaElephantEditor.entitlements;
				CODE_SIGN_IDENTITY = "Apple Development";
				CODE_SIGN_STYLE = Automatic;
				COMBINE_HIDPI_IMAGES = YES;
				DEVELOPMENT_ASSET_PATHS = "\"TeaElephantEditor/Preview Content\"";
				DEVELOPMENT_TEAM = R859U8DTY9;
				ENABLE_HARDENED_RUNTIME = YES;
				ENABLE_PREVIEWS = YES;
				INFOPLIST_FILE = TeaElephantEditor/Info.plist;
				LD_RUNPATH_SEARCH_PATHS = (
					"$(inherited)",
					"@executable_path/../Frameworks",
				);
				MACOSX_DEPLOYMENT_TARGET = 11.0;
				OTHER_LDFLAGS = "\"-Xlinker -interposable\"";
				PRODUCT_BUNDLE_IDENTIFIER = xax.TeaElephantEditor;
				PRODUCT_NAME = "$(TARGET_NAME)";
				SWIFT_VERSION = 5.0;
			};
			name = Release;
		};
		4B804B1C25ACFB1900BE1BD0 /* Debug */ = {
			isa = XCBuildConfiguration;
			buildSettings = {
				ALWAYS_EMBED_SWIFT_STANDARD_LIBRARIES = YES;
				BUNDLE_LOADER = "$(TEST_HOST)";
				CODE_SIGN_STYLE = Automatic;
				COMBINE_HIDPI_IMAGES = YES;
				DEVELOPMENT_TEAM = R859U8DTY9;
				INFOPLIST_FILE = TeaElephantEditorTests/Info.plist;
				LD_RUNPATH_SEARCH_PATHS = (
					"$(inherited)",
					"@executable_path/../Frameworks",
					"@loader_path/../Frameworks",
				);
				MACOSX_DEPLOYMENT_TARGET = 11.0;
				PRODUCT_BUNDLE_IDENTIFIER = xax.TeaElephantEditorTests;
				PRODUCT_NAME = "$(TARGET_NAME)";
				SWIFT_VERSION = 5.0;
				TEST_HOST = "$(BUILT_PRODUCTS_DIR)/TeaElephantEditor.app/Contents/MacOS/TeaElephantEditor";
			};
			name = Debug;
		};
		4B804B1D25ACFB1900BE1BD0 /* Release */ = {
			isa = XCBuildConfiguration;
			buildSettings = {
				ALWAYS_EMBED_SWIFT_STANDARD_LIBRARIES = YES;
				BUNDLE_LOADER = "$(TEST_HOST)";
				CODE_SIGN_STYLE = Automatic;
				COMBINE_HIDPI_IMAGES = YES;
				DEVELOPMENT_TEAM = R859U8DTY9;
				INFOPLIST_FILE = TeaElephantEditorTests/Info.plist;
				LD_RUNPATH_SEARCH_PATHS = (
					"$(inherited)",
					"@executable_path/../Frameworks",
					"@loader_path/../Frameworks",
				);
				MACOSX_DEPLOYMENT_TARGET = 11.0;
				PRODUCT_BUNDLE_IDENTIFIER = xax.TeaElephantEditorTests;
				PRODUCT_NAME = "$(TARGET_NAME)";
				SWIFT_VERSION = 5.0;
				TEST_HOST = "$(BUILT_PRODUCTS_DIR)/TeaElephantEditor.app/Contents/MacOS/TeaElephantEditor";
			};
			name = Release;
		};
		4B804B1F25ACFB1900BE1BD0 /* Debug */ = {
			isa = XCBuildConfiguration;
			buildSettings = {
				ALWAYS_EMBED_SWIFT_STANDARD_LIBRARIES = YES;
				CODE_SIGN_STYLE = Automatic;
				COMBINE_HIDPI_IMAGES = YES;
				DEVELOPMENT_TEAM = R859U8DTY9;
				INFOPLIST_FILE = TeaElephantEditorUITests/Info.plist;
				LD_RUNPATH_SEARCH_PATHS = (
					"$(inherited)",
					"@executable_path/../Frameworks",
					"@loader_path/../Frameworks",
				);
				PRODUCT_BUNDLE_IDENTIFIER = xax.TeaElephantEditorUITests;
				PRODUCT_NAME = "$(TARGET_NAME)";
				SWIFT_VERSION = 5.0;
				TEST_TARGET_NAME = TeaElephantEditor;
			};
			name = Debug;
		};
		4B804B2025ACFB1900BE1BD0 /* Release */ = {
			isa = XCBuildConfiguration;
			buildSettings = {
				ALWAYS_EMBED_SWIFT_STANDARD_LIBRARIES = YES;
				CODE_SIGN_STYLE = Automatic;
				COMBINE_HIDPI_IMAGES = YES;
				DEVELOPMENT_TEAM = R859U8DTY9;
				INFOPLIST_FILE = TeaElephantEditorUITests/Info.plist;
				LD_RUNPATH_SEARCH_PATHS = (
					"$(inherited)",
					"@executable_path/../Frameworks",
					"@loader_path/../Frameworks",
				);
				PRODUCT_BUNDLE_IDENTIFIER = xax.TeaElephantEditorUITests;
				PRODUCT_NAME = "$(TARGET_NAME)";
				SWIFT_VERSION = 5.0;
				TEST_TARGET_NAME = TeaElephantEditor;
			};
			name = Release;
		};
/* End XCBuildConfiguration section */

/* Begin XCConfigurationList section */
		4B804AED25ACFB1800BE1BD0 /* Build configuration list for PBXProject "TeaElephantEditor" */ = {
			isa = XCConfigurationList;
			buildConfigurations = (
				4B804B1625ACFB1900BE1BD0 /* Debug */,
				4B804B1725ACFB1900BE1BD0 /* Release */,
			);
			defaultConfigurationIsVisible = 0;
			defaultConfigurationName = Release;
		};
		4B804B1825ACFB1900BE1BD0 /* Build configuration list for PBXNativeTarget "TeaElephantEditor" */ = {
			isa = XCConfigurationList;
			buildConfigurations = (
				4B804B1925ACFB1900BE1BD0 /* Debug */,
				4B804B1A25ACFB1900BE1BD0 /* Release */,
			);
			defaultConfigurationIsVisible = 0;
			defaultConfigurationName = Release;
		};
		4B804B1B25ACFB1900BE1BD0 /* Build configuration list for PBXNativeTarget "TeaElephantEditorTests" */ = {
			isa = XCConfigurationList;
			buildConfigurations = (
				4B804B1C25ACFB1900BE1BD0 /* Debug */,
				4B804B1D25ACFB1900BE1BD0 /* Release */,
			);
			defaultConfigurationIsVisible = 0;
			defaultConfigurationName = Release;
		};
		4B804B1E25ACFB1900BE1BD0 /* Build configuration list for PBXNativeTarget "TeaElephantEditorUITests" */ = {
			isa = XCConfigurationList;
			buildConfigurations = (
				4B804B1F25ACFB1900BE1BD0 /* Debug */,
				4B804B2025ACFB1900BE1BD0 /* Release */,
			);
			defaultConfigurationIsVisible = 0;
			defaultConfigurationName = Release;
		};
/* End XCConfigurationList section */

/* Begin XCRemoteSwiftPackageReference section */
		4B0BA93C25B25AE800F98920 = {
			isa = XCRemoteSwiftPackageReference;
			repositoryURL = "https://github.com/apollographql/apollo-ios.git";
			requirement = {
				kind = upToNextMajorVersion;
				minimumVersion = 0.40.0;
			};
		};
		4B39B2B5262CB12E0061788B = {
			isa = XCRemoteSwiftPackageReference;
			repositoryURL = "https://github.com/crossroadlabs/Regex.git";
			requirement = {
				kind = upToNextMajorVersion;
				minimumVersion = 1.2.0;
			};
		};
/* End XCRemoteSwiftPackageReference section */

/* Begin XCSwiftPackageProductDependency section */
		4B0BA93D25B25AE800F98920 = {
			isa = XCSwiftPackageProductDependency;
			package = 4B0BA93C25B25AE800F98920;
			productName = ApolloCore;
		};
		4B0BA93F25B25AE800F98920 = {
			isa = XCSwiftPackageProductDependency;
			package = 4B0BA93C25B25AE800F98920;
			productName = ApolloWebSocket;
		};
		4B0BA94125B25AE800F98920 = {
			isa = XCSwiftPackageProductDependency;
			package = 4B0BA93C25B25AE800F98920;
			productName = Apollo;
		};
		4B0BA94625B25AE800F98920 = {
			isa = XCSwiftPackageProductDependency;
			package = 4B0BA93C25B25AE800F98920;
			productName = ApolloCodegenLib;
		};
		4B39B2B6262CB12E0061788B = {
			isa = XCSwiftPackageProductDependency;
			package = 4B39B2B5262CB12E0061788B;
			productName = Regex;
		};
/* End XCSwiftPackageProductDependency section */
	};
	rootObject = 4B804AEA25ACFB1800BE1BD0 /* Project object */;
}
