// !$*UTF8*$!
{
	archiveVersion = 1;
	classes = {
	};
	objectVersion = 50;
	objects = {

/* Begin PBXBuildFile section */
		4B804AF625ACFB1800BE1BD0 /* TeaElephantEditorApp.swift in Sources */ = {isa = PBXBuildFile; fileRef = 4B804AF525ACFB1800BE1BD0 /* TeaElephantEditorApp.swift */; };
		4B804AF825ACFB1800BE1BD0 /* ContentView.swift in Sources */ = {isa = PBXBuildFile; fileRef = 4B804AF725ACFB1800BE1BD0 /* ContentView.swift */; };
		4B804AFA25ACFB1900BE1BD0 /* Assets.xcassets in Resources */ = {isa = PBXBuildFile; fileRef = 4B804AF925ACFB1900BE1BD0 /* Assets.xcassets */; };
		4B804AFD25ACFB1900BE1BD0 /* Preview Assets.xcassets in Resources */ = {isa = PBXBuildFile; fileRef = 4B804AFC25ACFB1900BE1BD0 /* Preview Assets.xcassets */; };
		4B804B0925ACFB1900BE1BD0 /* TeaElephantEditorTests.swift in Sources */ = {isa = PBXBuildFile; fileRef = 4B804B0825ACFB1900BE1BD0 /* TeaElephantEditorTests.swift */; };
		4B804B1425ACFB1900BE1BD0 /* TeaElephantEditorUITests.swift in Sources */ = {isa = PBXBuildFile; fileRef = 4B804B1325ACFB1900BE1BD0 /* TeaElephantEditorUITests.swift */; };
/* End PBXBuildFile section */

/* Begin PBXContainerItemProxy section */
		4B804B0525ACFB1900BE1BD0 /* PBXContainerItemProxy */ = {
			isa = PBXContainerItemProxy;
			containerPortal = 4B804AEA25ACFB1800BE1BD0 /* Project object */;
			proxyType = 1;
			remoteGlobalIDString = 4B804AF125ACFB1800BE1BD0;
			remoteInfo = TeaElephantEditor;
		};
		4B804B1025ACFB1900BE1BD0 /* PBXContainerItemProxy */ = {
			isa = PBXContainerItemProxy;
			containerPortal = 4B804AEA25ACFB1800BE1BD0 /* Project object */;
			proxyType = 1;
			remoteGlobalIDString = 4B804AF125ACFB1800BE1BD0;
			remoteInfo = TeaElephantEditor;
		};
/* End PBXContainerItemProxy section */

/* Begin PBXFileReference section */
		4B804AF225ACFB1800BE1BD0 /* TeaElephantEditor.app */ = {isa = PBXFileReference; explicitFileType = wrapper.application; includeInIndex = 0; path = TeaElephantEditor.app; sourceTree = BUILT_PRODUCTS_DIR; };
		4B804AF525ACFB1800BE1BD0 /* TeaElephantEditorApp.swift */ = {isa = PBXFileReference; lastKnownFileType = sourcecode.swift; path = TeaElephantEditorApp.swift; sourceTree = "<group>"; };
		4B804AF725ACFB1800BE1BD0 /* ContentView.swift */ = {isa = PBXFileReference; lastKnownFileType = sourcecode.swift; path = ContentView.swift; sourceTree = "<group>"; };
		4B804AF925ACFB1900BE1BD0 /* Assets.xcassets */ = {isa = PBXFileReference; lastKnownFileType = folder.assetcatalog; path = Assets.xcassets; sourceTree = "<group>"; };
		4B804AFC25ACFB1900BE1BD0 /* Preview Assets.xcassets */ = {isa = PBXFileReference; lastKnownFileType = folder.assetcatalog; path = "Preview Assets.xcassets"; sourceTree = "<group>"; };
		4B804AFE25ACFB1900BE1BD0 /* Info.plist */ = {isa = PBXFileReference; lastKnownFileType = text.plist.xml; path = Info.plist; sourceTree = "<group>"; };
		4B804AFF25ACFB1900BE1BD0 /* TeaElephantEditor.entitlements */ = {isa = PBXFileReference; lastKnownFileType = text.plist.entitlements; path = TeaElephantEditor.entitlements; sourceTree = "<group>"; };
		4B804B0425ACFB1900BE1BD0 /* TeaElephantEditorTests.xctest */ = {isa = PBXFileReference; explicitFileType = wrapper.cfbundle; includeInIndex = 0; path = TeaElephantEditorTests.xctest; sourceTree = BUILT_PRODUCTS_DIR; };
		4B804B0825ACFB1900BE1BD0 /* TeaElephantEditorTests.swift */ = {isa = PBXFileReference; lastKnownFileType = sourcecode.swift; path = TeaElephantEditorTests.swift; sourceTree = "<group>"; };
		4B804B0A25ACFB1900BE1BD0 /* Info.plist */ = {isa = PBXFileReference; lastKnownFileType = text.plist.xml; path = Info.plist; sourceTree = "<group>"; };
		4B804B0F25ACFB1900BE1BD0 /* TeaElephantEditorUITests.xctest */ = {isa = PBXFileReference; explicitFileType = wrapper.cfbundle; includeInIndex = 0; path = TeaElephantEditorUITests.xctest; sourceTree = BUILT_PRODUCTS_DIR; };
		4B804B1325ACFB1900BE1BD0 /* TeaElephantEditorUITests.swift */ = {isa = PBXFileReference; lastKnownFileType = sourcecode.swift; path = TeaElephantEditorUITests.swift; sourceTree = "<group>"; };
		4B804B1525ACFB1900BE1BD0 /* Info.plist */ = {isa = PBXFileReference; lastKnownFileType = text.plist.xml; path = Info.plist; sourceTree = "<group>"; };
/* End PBXFileReference section */

/* Begin PBXFrameworksBuildPhase section */
		4B804AEF25ACFB1800BE1BD0 /* Frameworks */ = {
			isa = PBXFrameworksBuildPhase;
			buildActionMask = 2147483647;
			files = (
			);
			runOnlyForDeploymentPostprocessing = 0;
		};
		4B804B0125ACFB1900BE1BD0 /* Frameworks */ = {
			isa = PBXFrameworksBuildPhase;
			buildActionMask = 2147483647;
			files = (
			);
			runOnlyForDeploymentPostprocessing = 0;
		};
		4B804B0C25ACFB1900BE1BD0 /* Frameworks */ = {
			isa = PBXFrameworksBuildPhase;
			buildActionMask = 2147483647;
			files = (
			);
			runOnlyForDeploymentPostprocessing = 0;
		};
/* End PBXFrameworksBuildPhase section */

/* Begin PBXGroup section */
		4B804AE925ACFB1800BE1BD0 = {
			isa = PBXGroup;
			children = (
				4B804AF425ACFB1800BE1BD0 /* TeaElephantEditor */,
				4B804B0725ACFB1900BE1BD0 /* TeaElephantEditorTests */,
				4B804B1225ACFB1900BE1BD0 /* TeaElephantEditorUITests */,
				4B804AF325ACFB1800BE1BD0 /* Products */,
			);
			sourceTree = "<group>";
		};
		4B804AF325ACFB1800BE1BD0 /* Products */ = {
			isa = PBXGroup;
			children = (
				4B804AF225ACFB1800BE1BD0 /* TeaElephantEditor.app */,
				4B804B0425ACFB1900BE1BD0 /* TeaElephantEditorTests.xctest */,
				4B804B0F25ACFB1900BE1BD0 /* TeaElephantEditorUITests.xctest */,
			);
			name = Products;
			sourceTree = "<group>";
		};
		4B804AF425ACFB1800BE1BD0 /* TeaElephantEditor */ = {
			isa = PBXGroup;
			children = (
				4B804AF525ACFB1800BE1BD0 /* TeaElephantEditorApp.swift */,
				4B804AF725ACFB1800BE1BD0 /* ContentView.swift */,
				4B804AF925ACFB1900BE1BD0 /* Assets.xcassets */,
				4B804AFE25ACFB1900BE1BD0 /* Info.plist */,
				4B804AFF25ACFB1900BE1BD0 /* TeaElephantEditor.entitlements */,
				4B804AFB25ACFB1900BE1BD0 /* Preview Content */,
			);
			path = TeaElephantEditor;
			sourceTree = "<group>";
		};
		4B804AFB25ACFB1900BE1BD0 /* Preview Content */ = {
			isa = PBXGroup;
			children = (
				4B804AFC25ACFB1900BE1BD0 /* Preview Assets.xcassets */,
			);
			path = "Preview Content";
			sourceTree = "<group>";
		};
		4B804B0725ACFB1900BE1BD0 /* TeaElephantEditorTests */ = {
			isa = PBXGroup;
			children = (
				4B804B0825ACFB1900BE1BD0 /* TeaElephantEditorTests.swift */,
				4B804B0A25ACFB1900BE1BD0 /* Info.plist */,
			);
			path = TeaElephantEditorTests;
			sourceTree = "<group>";
		};
		4B804B1225ACFB1900BE1BD0 /* TeaElephantEditorUITests */ = {
			isa = PBXGroup;
			children = (
				4B804B1325ACFB1900BE1BD0 /* TeaElephantEditorUITests.swift */,
				4B804B1525ACFB1900BE1BD0 /* Info.plist */,
			);
			path = TeaElephantEditorUITests;
			sourceTree = "<group>";
		};
/* End PBXGroup section */

/* Begin PBXNativeTarget section */
		4B804AF125ACFB1800BE1BD0 /* TeaElephantEditor */ = {
			isa = PBXNativeTarget;
			buildConfigurationList = 4B804B1825ACFB1900BE1BD0 /* Build configuration list for PBXNativeTarget "TeaElephantEditor" */;
			buildPhases = (
				4B804AEE25ACFB1800BE1BD0 /* Sources */,
				4B804AEF25ACFB1800BE1BD0 /* Frameworks */,
				4B804AF025ACFB1800BE1BD0 /* Resources */,
			);
			buildRules = (
			);
			dependencies = (
			);
			name = TeaElephantEditor;
			productName = TeaElephantEditor;
			productReference = 4B804AF225ACFB1800BE1BD0 /* TeaElephantEditor.app */;
			productType = "com.apple.product-type.application";
		};
		4B804B0325ACFB1900BE1BD0 /* TeaElephantEditorTests */ = {
			isa = PBXNativeTarget;
			buildConfigurationList = 4B804B1B25ACFB1900BE1BD0 /* Build configuration list for PBXNativeTarget "TeaElephantEditorTests" */;
			buildPhases = (
				4B804B0025ACFB1900BE1BD0 /* Sources */,
				4B804B0125ACFB1900BE1BD0 /* Frameworks */,
				4B804B0225ACFB1900BE1BD0 /* Resources */,
			);
			buildRules = (
			);
			dependencies = (
				4B804B0625ACFB1900BE1BD0 /* PBXTargetDependency */,
			);
			name = TeaElephantEditorTests;
			productName = TeaElephantEditorTests;
			productReference = 4B804B0425ACFB1900BE1BD0 /* TeaElephantEditorTests.xctest */;
			productType = "com.apple.product-type.bundle.unit-test";
		};
		4B804B0E25ACFB1900BE1BD0 /* TeaElephantEditorUITests */ = {
			isa = PBXNativeTarget;
			buildConfigurationList = 4B804B1E25ACFB1900BE1BD0 /* Build configuration list for PBXNativeTarget "TeaElephantEditorUITests" */;
			buildPhases = (
				4B804B0B25ACFB1900BE1BD0 /* Sources */,
				4B804B0C25ACFB1900BE1BD0 /* Frameworks */,
				4B804B0D25ACFB1900BE1BD0 /* Resources */,
			);
			buildRules = (
			);
			dependencies = (
				4B804B1125ACFB1900BE1BD0 /* PBXTargetDependency */,
			);
			name = TeaElephantEditorUITests;
			productName = TeaElephantEditorUITests;
			productReference = 4B804B0F25ACFB1900BE1BD0 /* TeaElephantEditorUITests.xctest */;
			productType = "com.apple.product-type.bundle.ui-testing";
		};
/* End PBXNativeTarget section */

/* Begin PBXProject section */
		4B804AEA25ACFB1800BE1BD0 /* Project object */ = {
			isa = PBXProject;
			attributes = {
				LastSwiftUpdateCheck = 1230;
				LastUpgradeCheck = 1230;
				TargetAttributes = {
					4B804AF125ACFB1800BE1BD0 = {
						CreatedOnToolsVersion = 12.3;
					};
					4B804B0325ACFB1900BE1BD0 = {
						CreatedOnToolsVersion = 12.3;
						TestTargetID = 4B804AF125ACFB1800BE1BD0;
					};
					4B804B0E25ACFB1900BE1BD0 = {
						CreatedOnToolsVersion = 12.3;
						TestTargetID = 4B804AF125ACFB1800BE1BD0;
					};
				};
			};
			buildConfigurationList = 4B804AED25ACFB1800BE1BD0 /* Build configuration list for PBXProject "TeaElephantEditor" */;
			compatibilityVersion = "Xcode 9.3";
			developmentRegion = en;
			hasScannedForEncodings = 0;
			knownRegions = (
				en,
				Base,
			);
			mainGroup = 4B804AE925ACFB1800BE1BD0;
			productRefGroup = 4B804AF325ACFB1800BE1BD0 /* Products */;
			projectDirPath = "";
			projectRoot = "";
			targets = (
				4B804AF125ACFB1800BE1BD0 /* TeaElephantEditor */,
				4B804B0325ACFB1900BE1BD0 /* TeaElephantEditorTests */,
				4B804B0E25ACFB1900BE1BD0 /* TeaElephantEditorUITests */,
			);
		};
/* End PBXProject section */

/* Begin PBXResourcesBuildPhase section */
		4B804AF025ACFB1800BE1BD0 /* Resources */ = {
			isa = PBXResourcesBuildPhase;
			buildActionMask = 2147483647;
			files = (
				4B804AFD25ACFB1900BE1BD0 /* Preview Assets.xcassets in Resources */,
				4B804AFA25ACFB1900BE1BD0 /* Assets.xcassets in Resources */,
			);
			runOnlyForDeploymentPostprocessing = 0;
		};
		4B804B0225ACFB1900BE1BD0 /* Resources */ = {
			isa = PBXResourcesBuildPhase;
			buildActionMask = 2147483647;
			files = (
			);
			runOnlyForDeploymentPostprocessing = 0;
		};
		4B804B0D25ACFB1900BE1BD0 /* Resources */ = {
			isa = PBXResourcesBuildPhase;
			buildActionMask = 2147483647;
			files = (
			);
			runOnlyForDeploymentPostprocessing = 0;
		};
/* End PBXResourcesBuildPhase section */

/* Begin PBXSourcesBuildPhase section */
		4B804AEE25ACFB1800BE1BD0 /* Sources */ = {
			isa = PBXSourcesBuildPhase;
			buildActionMask = 2147483647;
			files = (
				4B804AF825ACFB1800BE1BD0 /* ContentView.swift in Sources */,
				4B804AF625ACFB1800BE1BD0 /* TeaElephantEditorApp.swift in Sources */,
			);
			runOnlyForDeploymentPostprocessing = 0;
		};
		4B804B0025ACFB1900BE1BD0 /* Sources */ = {
			isa = PBXSourcesBuildPhase;
			buildActionMask = 2147483647;
			files = (
				4B804B0925ACFB1900BE1BD0 /* TeaElephantEditorTests.swift in Sources */,
			);
			runOnlyForDeploymentPostprocessing = 0;
		};
		4B804B0B25ACFB1900BE1BD0 /* Sources */ = {
			isa = PBXSourcesBuildPhase;
			buildActionMask = 2147483647;
			files = (
				4B804B1425ACFB1900BE1BD0 /* TeaElephantEditorUITests.swift in Sources */,
			);
			runOnlyForDeploymentPostprocessing = 0;
		};
/* End PBXSourcesBuildPhase section */

/* Begin PBXTargetDependency section */
		4B804B0625ACFB1900BE1BD0 /* PBXTargetDependency */ = {
			isa = PBXTargetDependency;
			target = 4B804AF125ACFB1800BE1BD0 /* TeaElephantEditor */;
			targetProxy = 4B804B0525ACFB1900BE1BD0 /* PBXContainerItemProxy */;
		};
		4B804B1125ACFB1900BE1BD0 /* PBXTargetDependency */ = {
			isa = PBXTargetDependency;
			target = 4B804AF125ACFB1800BE1BD0 /* TeaElephantEditor */;
			targetProxy = 4B804B1025ACFB1900BE1BD0 /* PBXContainerItemProxy */;
		};
/* End PBXTargetDependency section */

/* Begin XCBuildConfiguration section */
		4B804B1625ACFB1900BE1BD0 /* Debug */ = {
			isa = XCBuildConfiguration;
			buildSettings = {
				ALWAYS_SEARCH_USER_PATHS = NO;
				CLANG_ANALYZER_NONNULL = YES;
				CLANG_ANALYZER_NUMBER_OBJECT_CONVERSION = YES_AGGRESSIVE;
				CLANG_CXX_LANGUAGE_STANDARD = "gnu++14";
				CLANG_CXX_LIBRARY = "libc++";
				CLANG_ENABLE_MODULES = YES;
				CLANG_ENABLE_OBJC_ARC = YES;
				CLANG_ENABLE_OBJC_WEAK = YES;
				CLANG_WARN_BLOCK_CAPTURE_AUTORELEASING = YES;
				CLANG_WARN_BOOL_CONVERSION = YES;
				CLANG_WARN_COMMA = YES;
				CLANG_WARN_CONSTANT_CONVERSION = YES;
				CLANG_WARN_DEPRECATED_OBJC_IMPLEMENTATIONS = YES;
				CLANG_WARN_DIRECT_OBJC_ISA_USAGE = YES_ERROR;
				CLANG_WARN_DOCUMENTATION_COMMENTS = YES;
				CLANG_WARN_EMPTY_BODY = YES;
				CLANG_WARN_ENUM_CONVERSION = YES;
				CLANG_WARN_INFINITE_RECURSION = YES;
				CLANG_WARN_INT_CONVERSION = YES;
				CLANG_WARN_NON_LITERAL_NULL_CONVERSION = YES;
				CLANG_WARN_OBJC_IMPLICIT_RETAIN_SELF = YES;
				CLANG_WARN_OBJC_LITERAL_CONVERSION = YES;
				CLANG_WARN_OBJC_ROOT_CLASS = YES_ERROR;
				CLANG_WARN_QUOTED_INCLUDE_IN_FRAMEWORK_HEADER = YES;
				CLANG_WARN_RANGE_LOOP_ANALYSIS = YES;
				CLANG_WARN_STRICT_PROTOTYPES = YES;
				CLANG_WARN_SUSPICIOUS_MOVE = YES;
				CLANG_WARN_UNGUARDED_AVAILABILITY = YES_AGGRESSIVE;
				CLANG_WARN_UNREACHABLE_CODE = YES;
				CLANG_WARN__DUPLICATE_METHOD_MATCH = YES;
				COPY_PHASE_STRIP = NO;
				DEBUG_INFORMATION_FORMAT = dwarf;
				ENABLE_STRICT_OBJC_MSGSEND = YES;
				ENABLE_TESTABILITY = YES;
				GCC_C_LANGUAGE_STANDARD = gnu11;
				GCC_DYNAMIC_NO_PIC = NO;
				GCC_NO_COMMON_BLOCKS = YES;
				GCC_OPTIMIZATION_LEVEL = 0;
				GCC_PREPROCESSOR_DEFINITIONS = (
					"DEBUG=1",
					"$(inherited)",
				);
				GCC_WARN_64_TO_32_BIT_CONVERSION = YES;
				GCC_WARN_ABOUT_RETURN_TYPE = YES_ERROR;
				GCC_WARN_UNDECLARED_SELECTOR = YES;
				GCC_WARN_UNINITIALIZED_AUTOS = YES_AGGRESSIVE;
				GCC_WARN_UNUSED_FUNCTION = YES;
				GCC_WARN_UNUSED_VARIABLE = YES;
				MACOSX_DEPLOYMENT_TARGET = 11.1;
				MTL_ENABLE_DEBUG_INFO = INCLUDE_SOURCE;
				MTL_FAST_MATH = YES;
				ONLY_ACTIVE_ARCH = YES;
				SDKROOT = macosx;
				SWIFT_ACTIVE_COMPILATION_CONDITIONS = DEBUG;
				SWIFT_OPTIMIZATION_LEVEL = "-Onone";
			};
			name = Debug;
		};
		4B804B1725ACFB1900BE1BD0 /* Release */ = {
			isa = XCBuildConfiguration;
			buildSettings = {
				ALWAYS_SEARCH_USER_PATHS = NO;
				CLANG_ANALYZER_NONNULL = YES;
				CLANG_ANALYZER_NUMBER_OBJECT_CONVERSION = YES_AGGRESSIVE;
				CLANG_CXX_LANGUAGE_STANDARD = "gnu++14";
				CLANG_CXX_LIBRARY = "libc++";
				CLANG_ENABLE_MODULES = YES;
				CLANG_ENABLE_OBJC_ARC = YES;
				CLANG_ENABLE_OBJC_WEAK = YES;
				CLANG_WARN_BLOCK_CAPTURE_AUTORELEASING = YES;
				CLANG_WARN_BOOL_CONVERSION = YES;
				CLANG_WARN_COMMA = YES;
				CLANG_WARN_CONSTANT_CONVERSION = YES;
				CLANG_WARN_DEPRECATED_OBJC_IMPLEMENTATIONS = YES;
				CLANG_WARN_DIRECT_OBJC_ISA_USAGE = YES_ERROR;
				CLANG_WARN_DOCUMENTATION_COMMENTS = YES;
				CLANG_WARN_EMPTY_BODY = YES;
				CLANG_WARN_ENUM_CONVERSION = YES;
				CLANG_WARN_INFINITE_RECURSION = YES;
				CLANG_WARN_INT_CONVERSION = YES;
				CLANG_WARN_NON_LITERAL_NULL_CONVERSION = YES;
				CLANG_WARN_OBJC_IMPLICIT_RETAIN_SELF = YES;
				CLANG_WARN_OBJC_LITERAL_CONVERSION = YES;
				CLANG_WARN_OBJC_ROOT_CLASS = YES_ERROR;
				CLANG_WARN_QUOTED_INCLUDE_IN_FRAMEWORK_HEADER = YES;
				CLANG_WARN_RANGE_LOOP_ANALYSIS = YES;
				CLANG_WARN_STRICT_PROTOTYPES = YES;
				CLANG_WARN_SUSPICIOUS_MOVE = YES;
				CLANG_WARN_UNGUARDED_AVAILABILITY = YES_AGGRESSIVE;
				CLANG_WARN_UNREACHABLE_CODE = YES;
				CLANG_WARN__DUPLICATE_METHOD_MATCH = YES;
				COPY_PHASE_STRIP = NO;
				DEBUG_INFORMATION_FORMAT = "dwarf-with-dsym";
				ENABLE_NS_ASSERTIONS = NO;
				ENABLE_STRICT_OBJC_MSGSEND = YES;
				GCC_C_LANGUAGE_STANDARD = gnu11;
				GCC_NO_COMMON_BLOCKS = YES;
				GCC_WARN_64_TO_32_BIT_CONVERSION = YES;
				GCC_WARN_ABOUT_RETURN_TYPE = YES_ERROR;
				GCC_WARN_UNDECLARED_SELECTOR = YES;
				GCC_WARN_UNINITIALIZED_AUTOS = YES_AGGRESSIVE;
				GCC_WARN_UNUSED_FUNCTION = YES;
				GCC_WARN_UNUSED_VARIABLE = YES;
				MACOSX_DEPLOYMENT_TARGET = 11.1;
				MTL_ENABLE_DEBUG_INFO = NO;
				MTL_FAST_MATH = YES;
				SDKROOT = macosx;
				SWIFT_COMPILATION_MODE = wholemodule;
				SWIFT_OPTIMIZATION_LEVEL = "-O";
			};
			name = Release;
		};
		4B804B1925ACFB1900BE1BD0 /* Debug */ = {
			isa = XCBuildConfiguration;
			buildSettings = {
				ASSETCATALOG_COMPILER_APPICON_NAME = AppIcon;
				ASSETCATALOG_COMPILER_GLOBAL_ACCENT_COLOR_NAME = AccentColor;
				CODE_SIGN_ENTITLEMENTS = TeaElephantEditor/TeaElephantEditor.entitlements;
				CODE_SIGN_STYLE = Automatic;
				COMBINE_HIDPI_IMAGES = YES;
				DEVELOPMENT_ASSET_PATHS = "\"TeaElephantEditor/Preview Content\"";
				DEVELOPMENT_TEAM = R859U8DTY9;
				ENABLE_HARDENED_RUNTIME = YES;
				ENABLE_PREVIEWS = YES;
				INFOPLIST_FILE = TeaElephantEditor/Info.plist;
				LD_RUNPATH_SEARCH_PATHS = (
					"$(inherited)",
					"@executable_path/../Frameworks",
				);
				MACOSX_DEPLOYMENT_TARGET = 11.0;
				PRODUCT_BUNDLE_IDENTIFIER = xax.TeaElephantEditor;
				PRODUCT_NAME = "$(TARGET_NAME)";
				SWIFT_VERSION = 5.0;
			};
			name = Debug;
		};
		4B804B1A25ACFB1900BE1BD0 /* Release */ = {
			isa = XCBuildConfiguration;
			buildSettings = {
				ASSETCATALOG_COMPILER_APPICON_NAME = AppIcon;
				ASSETCATALOG_COMPILER_GLOBAL_ACCENT_COLOR_NAME = AccentColor;
				CODE_SIGN_ENTITLEMENTS = TeaElephantEditor/TeaElephantEditor.entitlements;
				CODE_SIGN_STYLE = Automatic;
				COMBINE_HIDPI_IMAGES = YES;
				DEVELOPMENT_ASSET_PATHS = "\"TeaElephantEditor/Preview Content\"";
				DEVELOPMENT_TEAM = R859U8DTY9;
				ENABLE_HARDENED_RUNTIME = YES;
				ENABLE_PREVIEWS = YES;
				INFOPLIST_FILE = TeaElephantEditor/Info.plist;
				LD_RUNPATH_SEARCH_PATHS = (
					"$(inherited)",
					"@executable_path/../Frameworks",
				);
				MACOSX_DEPLOYMENT_TARGET = 11.0;
				PRODUCT_BUNDLE_IDENTIFIER = xax.TeaElephantEditor;
				PRODUCT_NAME = "$(TARGET_NAME)";
				SWIFT_VERSION = 5.0;
			};
			name = Release;
		};
		4B804B1C25ACFB1900BE1BD0 /* Debug */ = {
			isa = XCBuildConfiguration;
			buildSettings = {
				ALWAYS_EMBED_SWIFT_STANDARD_LIBRARIES = YES;
				BUNDLE_LOADER = "$(TEST_HOST)";
				CODE_SIGN_STYLE = Automatic;
				COMBINE_HIDPI_IMAGES = YES;
				DEVELOPMENT_TEAM = R859U8DTY9;
				INFOPLIST_FILE = TeaElephantEditorTests/Info.plist;
				LD_RUNPATH_SEARCH_PATHS = (
					"$(inherited)",
					"@executable_path/../Frameworks",
					"@loader_path/../Frameworks",
				);
				MACOSX_DEPLOYMENT_TARGET = 11.0;
				PRODUCT_BUNDLE_IDENTIFIER = xax.TeaElephantEditorTests;
				PRODUCT_NAME = "$(TARGET_NAME)";
				SWIFT_VERSION = 5.0;
				TEST_HOST = "$(BUILT_PRODUCTS_DIR)/TeaElephantEditor.app/Contents/MacOS/TeaElephantEditor";
			};
			name = Debug;
		};
		4B804B1D25ACFB1900BE1BD0 /* Release */ = {
			isa = XCBuildConfiguration;
			buildSettings = {
				ALWAYS_EMBED_SWIFT_STANDARD_LIBRARIES = YES;
				BUNDLE_LOADER = "$(TEST_HOST)";
				CODE_SIGN_STYLE = Automatic;
				COMBINE_HIDPI_IMAGES = YES;
				DEVELOPMENT_TEAM = R859U8DTY9;
				INFOPLIST_FILE = TeaElephantEditorTests/Info.plist;
				LD_RUNPATH_SEARCH_PATHS = (
					"$(inherited)",
					"@executable_path/../Frameworks",
					"@loader_path/../Frameworks",
				);
				MACOSX_DEPLOYMENT_TARGET = 11.0;
				PRODUCT_BUNDLE_IDENTIFIER = xax.TeaElephantEditorTests;
				PRODUCT_NAME = "$(TARGET_NAME)";
				SWIFT_VERSION = 5.0;
				TEST_HOST = "$(BUILT_PRODUCTS_DIR)/TeaElephantEditor.app/Contents/MacOS/TeaElephantEditor";
			};
			name = Release;
		};
		4B804B1F25ACFB1900BE1BD0 /* Debug */ = {
			isa = XCBuildConfiguration;
			buildSettings = {
				ALWAYS_EMBED_SWIFT_STANDARD_LIBRARIES = YES;
				CODE_SIGN_STYLE = Automatic;
				COMBINE_HIDPI_IMAGES = YES;
				DEVELOPMENT_TEAM = R859U8DTY9;
				INFOPLIST_FILE = TeaElephantEditorUITests/Info.plist;
				LD_RUNPATH_SEARCH_PATHS = (
					"$(inherited)",
					"@executable_path/../Frameworks",
					"@loader_path/../Frameworks",
				);
				PRODUCT_BUNDLE_IDENTIFIER = xax.TeaElephantEditorUITests;
				PRODUCT_NAME = "$(TARGET_NAME)";
				SWIFT_VERSION = 5.0;
				TEST_TARGET_NAME = TeaElephantEditor;
			};
			name = Debug;
		};
		4B804B2025ACFB1900BE1BD0 /* Release */ = {
			isa = XCBuildConfiguration;
			buildSettings = {
				ALWAYS_EMBED_SWIFT_STANDARD_LIBRARIES = YES;
				CODE_SIGN_STYLE = Automatic;
				COMBINE_HIDPI_IMAGES = YES;
				DEVELOPMENT_TEAM = R859U8DTY9;
				INFOPLIST_FILE = TeaElephantEditorUITests/Info.plist;
				LD_RUNPATH_SEARCH_PATHS = (
					"$(inherited)",
					"@executable_path/../Frameworks",
					"@loader_path/../Frameworks",
				);
				PRODUCT_BUNDLE_IDENTIFIER = xax.TeaElephantEditorUITests;
				PRODUCT_NAME = "$(TARGET_NAME)";
				SWIFT_VERSION = 5.0;
				TEST_TARGET_NAME = TeaElephantEditor;
			};
			name = Release;
		};
/* End XCBuildConfiguration section */

/* Begin XCConfigurationList section */
		4B804AED25ACFB1800BE1BD0 /* Build configuration list for PBXProject "TeaElephantEditor" */ = {
			isa = XCConfigurationList;
			buildConfigurations = (
				4B804B1625ACFB1900BE1BD0 /* Debug */,
				4B804B1725ACFB1900BE1BD0 /* Release */,
			);
			defaultConfigurationIsVisible = 0;
			defaultConfigurationName = Release;
		};
		4B804B1825ACFB1900BE1BD0 /* Build configuration list for PBXNativeTarget "TeaElephantEditor" */ = {
			isa = XCConfigurationList;
			buildConfigurations = (
				4B804B1925ACFB1900BE1BD0 /* Debug */,
				4B804B1A25ACFB1900BE1BD0 /* Release */,
			);
			defaultConfigurationIsVisible = 0;
			defaultConfigurationName = Release;
		};
		4B804B1B25ACFB1900BE1BD0 /* Build configuration list for PBXNativeTarget "TeaElephantEditorTests" */ = {
			isa = XCConfigurationList;
			buildConfigurations = (
				4B804B1C25ACFB1900BE1BD0 /* Debug */,
				4B804B1D25ACFB1900BE1BD0 /* Release */,
			);
			defaultConfigurationIsVisible = 0;
			defaultConfigurationName = Release;
		};
		4B804B1E25ACFB1900BE1BD0 /* Build configuration list for PBXNativeTarget "TeaElephantEditorUITests" */ = {
			isa = XCConfigurationList;
			buildConfigurations = (
				4B804B1F25ACFB1900BE1BD0 /* Debug */,
				4B804B2025ACFB1900BE1BD0 /* Release */,
			);
			defaultConfigurationIsVisible = 0;
			defaultConfigurationName = Release;
		};
/* End XCConfigurationList section */
	};
	rootObject = 4B804AEA25ACFB1800BE1BD0 /* Project object */;
}
